// !$*UTF8*$!
{
	archiveVersion = 1;
	classes = {
	};
	objectVersion = 50;
	objects = {

/* Begin PBXBuildFile section */
		03E84D92239863EC00B7C27D /* AppDelegate.swift in Sources */ = {isa = PBXBuildFile; fileRef = 03E84D91239863EC00B7C27D /* AppDelegate.swift */; };
		03E84D94239863EC00B7C27D /* SceneDelegate.swift in Sources */ = {isa = PBXBuildFile; fileRef = 03E84D93239863EC00B7C27D /* SceneDelegate.swift */; };
		03E84D96239863EC00B7C27D /* ContentView.swift in Sources */ = {isa = PBXBuildFile; fileRef = 03E84D95239863EC00B7C27D /* ContentView.swift */; };
		03E84D98239863EE00B7C27D /* Assets.xcassets in Resources */ = {isa = PBXBuildFile; fileRef = 03E84D97239863EE00B7C27D /* Assets.xcassets */; };
		03E84D9B239863EE00B7C27D /* Preview Assets.xcassets in Resources */ = {isa = PBXBuildFile; fileRef = 03E84D9A239863EE00B7C27D /* Preview Assets.xcassets */; };
		03E84D9E239863EE00B7C27D /* LaunchScreen.storyboard in Resources */ = {isa = PBXBuildFile; fileRef = 03E84D9C239863EE00B7C27D /* LaunchScreen.storyboard */; };
		03E84DA72398657C00B7C27D /* AllowanceDetails.swift in Sources */ = {isa = PBXBuildFile; fileRef = 03E84DA62398657C00B7C27D /* AllowanceDetails.swift */; };
		03E84DA92398688300B7C27D /* Menu.swift in Sources */ = {isa = PBXBuildFile; fileRef = 03E84DA82398688300B7C27D /* Menu.swift */; };
/* End PBXBuildFile section */

/* Begin PBXFileReference section */
		03E84D8E239863EC00B7C27D /* kidsAllowanceV2.app */ = {isa = PBXFileReference; explicitFileType = wrapper.application; includeInIndex = 0; path = kidsAllowanceV2.app; sourceTree = BUILT_PRODUCTS_DIR; };
		03E84D91239863EC00B7C27D /* AppDelegate.swift */ = {isa = PBXFileReference; lastKnownFileType = sourcecode.swift; path = AppDelegate.swift; sourceTree = "<group>"; };
		03E84D93239863EC00B7C27D /* SceneDelegate.swift */ = {isa = PBXFileReference; lastKnownFileType = sourcecode.swift; path = SceneDelegate.swift; sourceTree = "<group>"; };
		03E84D95239863EC00B7C27D /* ContentView.swift */ = {isa = PBXFileReference; lastKnownFileType = sourcecode.swift; path = ContentView.swift; sourceTree = "<group>"; };
		03E84D97239863EE00B7C27D /* Assets.xcassets */ = {isa = PBXFileReference; lastKnownFileType = folder.assetcatalog; path = Assets.xcassets; sourceTree = "<group>"; };
		03E84D9A239863EE00B7C27D /* Preview Assets.xcassets */ = {isa = PBXFileReference; lastKnownFileType = folder.assetcatalog; path = "Preview Assets.xcassets"; sourceTree = "<group>"; };
		03E84D9D239863EE00B7C27D /* Base */ = {isa = PBXFileReference; lastKnownFileType = file.storyboard; name = Base; path = Base.lproj/LaunchScreen.storyboard; sourceTree = "<group>"; };
		03E84D9F239863EE00B7C27D /* Info.plist */ = {isa = PBXFileReference; lastKnownFileType = text.plist.xml; path = Info.plist; sourceTree = "<group>"; };
		03E84DA62398657C00B7C27D /* AllowanceDetails.swift */ = {isa = PBXFileReference; lastKnownFileType = sourcecode.swift; path = AllowanceDetails.swift; sourceTree = "<group>"; };
		03E84DA82398688300B7C27D /* Menu.swift */ = {isa = PBXFileReference; lastKnownFileType = sourcecode.swift; path = Menu.swift; sourceTree = "<group>"; };
/* End PBXFileReference section */

/* Begin PBXFrameworksBuildPhase section */
		03E84D8B239863EC00B7C27D /* Frameworks */ = {
			isa = PBXFrameworksBuildPhase;
			buildActionMask = 2147483647;
			files = (
			);
			runOnlyForDeploymentPostprocessing = 0;
		};
/* End PBXFrameworksBuildPhase section */

/* Begin PBXGroup section */
		03E84D85239863EC00B7C27D = {
			isa = PBXGroup;
			children = (
				03E84DA52398652100B7C27D /* SupportFiles */,
				03E84D90239863EC00B7C27D /* kidsAllowanceV2 */,
				03E84D8F239863EC00B7C27D /* Products */,
			);
			sourceTree = "<group>";
		};
		03E84D8F239863EC00B7C27D /* Products */ = {
			isa = PBXGroup;
			children = (
				03E84D8E239863EC00B7C27D /* kidsAllowanceV2.app */,
			);
			name = Products;
			sourceTree = "<group>";
		};
		03E84D90239863EC00B7C27D /* kidsAllowanceV2 */ = {
			isa = PBXGroup;
			children = (
				03E84D91239863EC00B7C27D /* AppDelegate.swift */,
				03E84D93239863EC00B7C27D /* SceneDelegate.swift */,
				03E84D95239863EC00B7C27D /* ContentView.swift */,
				03E84D97239863EE00B7C27D /* Assets.xcassets */,
				03E84D9C239863EE00B7C27D /* LaunchScreen.storyboard */,
				03E84D9F239863EE00B7C27D /* Info.plist */,
				03E84D99239863EE00B7C27D /* Preview Content */,
			);
			path = kidsAllowanceV2;
			sourceTree = "<group>";
		};
		03E84D99239863EE00B7C27D /* Preview Content */ = {
			isa = PBXGroup;
			children = (
				03E84D9A239863EE00B7C27D /* Preview Assets.xcassets */,
			);
			path = "Preview Content";
			sourceTree = "<group>";
		};
		03E84DA52398652100B7C27D /* SupportFiles */ = {
			isa = PBXGroup;
			children = (
				03E84DA62398657C00B7C27D /* AllowanceDetails.swift */,
				03E84DA82398688300B7C27D /* Menu.swift */,
			);
			path = SupportFiles;
			sourceTree = "<group>";
		};
/* End PBXGroup section */

/* Begin PBXNativeTarget section */
		03E84D8D239863EC00B7C27D /* kidsAllowanceV2 */ = {
			isa = PBXNativeTarget;
			buildConfigurationList = 03E84DA2239863EE00B7C27D /* Build configuration list for PBXNativeTarget "kidsAllowanceV2" */;
			buildPhases = (
				03E84D8A239863EC00B7C27D /* Sources */,
				03E84D8B239863EC00B7C27D /* Frameworks */,
				03E84D8C239863EC00B7C27D /* Resources */,
			);
			buildRules = (
			);
			dependencies = (
			);
			name = kidsAllowanceV2;
			productName = kidsAllowanceV2;
			productReference = 03E84D8E239863EC00B7C27D /* kidsAllowanceV2.app */;
			productType = "com.apple.product-type.application";
		};
/* End PBXNativeTarget section */

/* Begin PBXProject section */
		03E84D86239863EC00B7C27D /* Project object */ = {
			isa = PBXProject;
			attributes = {
				LastSwiftUpdateCheck = 1120;
				LastUpgradeCheck = 1120;
				ORGANIZATIONNAME = "Ufuoma Okoro";
				TargetAttributes = {
					03E84D8D239863EC00B7C27D = {
						CreatedOnToolsVersion = 11.2.1;
					};
				};
			};
			buildConfigurationList = 03E84D89239863EC00B7C27D /* Build configuration list for PBXProject "kidsAllowanceV2" */;
			compatibilityVersion = "Xcode 9.3";
			developmentRegion = en;
			hasScannedForEncodings = 0;
			knownRegions = (
				en,
				Base,
			);
			mainGroup = 03E84D85239863EC00B7C27D;
			productRefGroup = 03E84D8F239863EC00B7C27D /* Products */;
			projectDirPath = "";
			projectRoot = "";
			targets = (
				03E84D8D239863EC00B7C27D /* kidsAllowanceV2 */,
			);
		};
/* End PBXProject section */

/* Begin PBXResourcesBuildPhase section */
		03E84D8C239863EC00B7C27D /* Resources */ = {
			isa = PBXResourcesBuildPhase;
			buildActionMask = 2147483647;
			files = (
				03E84D9E239863EE00B7C27D /* LaunchScreen.storyboard in Resources */,
				03E84D9B239863EE00B7C27D /* Preview Assets.xcassets in Resources */,
				03E84D98239863EE00B7C27D /* Assets.xcassets in Resources */,
			);
			runOnlyForDeploymentPostprocessing = 0;
		};
/* End PBXResourcesBuildPhase section */

/* Begin PBXSourcesBuildPhase section */
		03E84D8A239863EC00B7C27D /* Sources */ = {
			isa = PBXSourcesBuildPhase;
			buildActionMask = 2147483647;
			files = (
				03E84D92239863EC00B7C27D /* AppDelegate.swift in Sources */,
				03E84DA72398657C00B7C27D /* AllowanceDetails.swift in Sources */,
				03E84D94239863EC00B7C27D /* SceneDelegate.swift in Sources */,
				03E84D96239863EC00B7C27D /* ContentView.swift in Sources */,
				03E84DA92398688300B7C27D /* Menu.swift in Sources */,
			);
			runOnlyForDeploymentPostprocessing = 0;
		};
/* End PBXSourcesBuildPhase section */

/* Begin PBXVariantGroup section */
		03E84D9C239863EE00B7C27D /* LaunchScreen.storyboard */ = {
			isa = PBXVariantGroup;
			children = (
				03E84D9D239863EE00B7C27D /* Base */,
			);
			name = LaunchScreen.storyboard;
			sourceTree = "<group>";
		};
/* End PBXVariantGroup section */

/* Begin XCBuildConfiguration section */
		03E84DA0239863EE00B7C27D /* Debug */ = {
			isa = XCBuildConfiguration;
			buildSettings = {
				ALWAYS_SEARCH_USER_PATHS = NO;
				CLANG_ANALYZER_NONNULL = YES;
				CLANG_ANALYZER_NUMBER_OBJECT_CONVERSION = YES_AGGRESSIVE;
				CLANG_CXX_LANGUAGE_STANDARD = "gnu++14";
				CLANG_CXX_LIBRARY = "libc++";
				CLANG_ENABLE_MODULES = YES;
				CLANG_ENABLE_OBJC_ARC = YES;
				CLANG_ENABLE_OBJC_WEAK = YES;
				CLANG_WARN_BLOCK_CAPTURE_AUTORELEASING = YES;
				CLANG_WARN_BOOL_CONVERSION = YES;
				CLANG_WARN_COMMA = YES;
				CLANG_WARN_CONSTANT_CONVERSION = YES;
				CLANG_WARN_DEPRECATED_OBJC_IMPLEMENTATIONS = YES;
				CLANG_WARN_DIRECT_OBJC_ISA_USAGE = YES_ERROR;
				CLANG_WARN_DOCUMENTATION_COMMENTS = YES;
				CLANG_WARN_EMPTY_BODY = YES;
				CLANG_WARN_ENUM_CONVERSION = YES;
				CLANG_WARN_INFINITE_RECURSION = YES;
				CLANG_WARN_INT_CONVERSION = YES;
				CLANG_WARN_NON_LITERAL_NULL_CONVERSION = YES;
				CLANG_WARN_OBJC_IMPLICIT_RETAIN_SELF = YES;
				CLANG_WARN_OBJC_LITERAL_CONVERSION = YES;
				CLANG_WARN_OBJC_ROOT_CLASS = YES_ERROR;
				CLANG_WARN_RANGE_LOOP_ANALYSIS = YES;
				CLANG_WARN_STRICT_PROTOTYPES = YES;
				CLANG_WARN_SUSPICIOUS_MOVE = YES;
				CLANG_WARN_UNGUARDED_AVAILABILITY = YES_AGGRESSIVE;
				CLANG_WARN_UNREACHABLE_CODE = YES;
				CLANG_WARN__DUPLICATE_METHOD_MATCH = YES;
				COPY_PHASE_STRIP = NO;
				DEBUG_INFORMATION_FORMAT = dwarf;
				ENABLE_STRICT_OBJC_MSGSEND = YES;
				ENABLE_TESTABILITY = YES;
				GCC_C_LANGUAGE_STANDARD = gnu11;
				GCC_DYNAMIC_NO_PIC = NO;
				GCC_NO_COMMON_BLOCKS = YES;
				GCC_OPTIMIZATION_LEVEL = 0;
				GCC_PREPROCESSOR_DEFINITIONS = (
					"DEBUG=1",
					"$(inherited)",
				);
				GCC_WARN_64_TO_32_BIT_CONVERSION = YES;
				GCC_WARN_ABOUT_RETURN_TYPE = YES_ERROR;
				GCC_WARN_UNDECLARED_SELECTOR = YES;
				GCC_WARN_UNINITIALIZED_AUTOS = YES_AGGRESSIVE;
				GCC_WARN_UNUSED_FUNCTION = YES;
				GCC_WARN_UNUSED_VARIABLE = YES;
				IPHONEOS_DEPLOYMENT_TARGET = 13.2;
				MTL_ENABLE_DEBUG_INFO = INCLUDE_SOURCE;
				MTL_FAST_MATH = YES;
				ONLY_ACTIVE_ARCH = YES;
				SDKROOT = iphoneos;
				SWIFT_ACTIVE_COMPILATION_CONDITIONS = DEBUG;
				SWIFT_OPTIMIZATION_LEVEL = "-Onone";
			};
			name = Debug;
		};
		03E84DA1239863EE00B7C27D /* Release */ = {
			isa = XCBuildConfiguration;
			buildSettings = {
				ALWAYS_SEARCH_USER_PATHS = NO;
				CLANG_ANALYZER_NONNULL = YES;
				CLANG_ANALYZER_NUMBER_OBJECT_CONVERSION = YES_AGGRESSIVE;
				CLANG_CXX_LANGUAGE_STANDARD = "gnu++14";
				CLANG_CXX_LIBRARY = "libc++";
				CLANG_ENABLE_MODULES = YES;
				CLANG_ENABLE_OBJC_ARC = YES;
				CLANG_ENABLE_OBJC_WEAK = YES;
				CLANG_WARN_BLOCK_CAPTURE_AUTORELEASING = YES;
				CLANG_WARN_BOOL_CONVERSION = YES;
				CLANG_WARN_COMMA = YES;
				CLANG_WARN_CONSTANT_CONVERSION = YES;
				CLANG_WARN_DEPRECATED_OBJC_IMPLEMENTATIONS = YES;
				CLANG_WARN_DIRECT_OBJC_ISA_USAGE = YES_ERROR;
				CLANG_WARN_DOCUMENTATION_COMMENTS = YES;
				CLANG_WARN_EMPTY_BODY = YES;
				CLANG_WARN_ENUM_CONVERSION = YES;
				CLANG_WARN_INFINITE_RECURSION = YES;
				CLANG_WARN_INT_CONVERSION = YES;
				CLANG_WARN_NON_LITERAL_NULL_CONVERSION = YES;
				CLANG_WARN_OBJC_IMPLICIT_RETAIN_SELF = YES;
				CLANG_WARN_OBJC_LITERAL_CONVERSION = YES;
				CLANG_WARN_OBJC_ROOT_CLASS = YES_ERROR;
				CLANG_WARN_RANGE_LOOP_ANALYSIS = YES;
				CLANG_WARN_STRICT_PROTOTYPES = YES;
				CLANG_WARN_SUSPICIOUS_MOVE = YES;
				CLANG_WARN_UNGUARDED_AVAILABILITY = YES_AGGRESSIVE;
				CLANG_WARN_UNREACHABLE_CODE = YES;
				CLANG_WARN__DUPLICATE_METHOD_MATCH = YES;
				COPY_PHASE_STRIP = NO;
				DEBUG_INFORMATION_FORMAT = "dwarf-with-dsym";
				ENABLE_NS_ASSERTIONS = NO;
				ENABLE_STRICT_OBJC_MSGSEND = YES;
				GCC_C_LANGUAGE_STANDARD = gnu11;
				GCC_NO_COMMON_BLOCKS = YES;
				GCC_WARN_64_TO_32_BIT_CONVERSION = YES;
				GCC_WARN_ABOUT_RETURN_TYPE = YES_ERROR;
				GCC_WARN_UNDECLARED_SELECTOR = YES;
				GCC_WARN_UNINITIALIZED_AUTOS = YES_AGGRESSIVE;
				GCC_WARN_UNUSED_FUNCTION = YES;
				GCC_WARN_UNUSED_VARIABLE = YES;
				IPHONEOS_DEPLOYMENT_TARGET = 13.2;
				MTL_ENABLE_DEBUG_INFO = NO;
				MTL_FAST_MATH = YES;
				SDKROOT = iphoneos;
				SWIFT_COMPILATION_MODE = wholemodule;
				SWIFT_OPTIMIZATION_LEVEL = "-O";
				VALIDATE_PRODUCT = YES;
			};
			name = Release;
		};
		03E84DA3239863EE00B7C27D /* Debug */ = {
			isa = XCBuildConfiguration;
			buildSettings = {
				ASSETCATALOG_COMPILER_APPICON_NAME = AppIcon;
				CODE_SIGN_STYLE = Automatic;
				DEVELOPMENT_ASSET_PATHS = "\"kidsAllowanceV2/Preview Content\"";
				ENABLE_PREVIEWS = YES;
				INFOPLIST_FILE = kidsAllowanceV2/Info.plist;
				LD_RUNPATH_SEARCH_PATHS = (
					"$(inherited)",
					"@executable_path/Frameworks",
				);
				PRODUCT_BUNDLE_IDENTIFIER = "ufookoro-me.com.kidsAllowanceV2";
				PRODUCT_NAME = "$(TARGET_NAME)";
				SWIFT_VERSION = 5.0;
				TARGETED_DEVICE_FAMILY = "1,2";
			};
			name = Debug;
		};
		03E84DA4239863EE00B7C27D /* Release */ = {
			isa = XCBuildConfiguration;
			buildSettings = {
				ASSETCATALOG_COMPILER_APPICON_NAME = AppIcon;
				CODE_SIGN_STYLE = Automatic;
				DEVELOPMENT_ASSET_PATHS = "\"kidsAllowanceV2/Preview Content\"";
				ENABLE_PREVIEWS = YES;
				INFOPLIST_FILE = kidsAllowanceV2/Info.plist;
				LD_RUNPATH_SEARCH_PATHS = (
					"$(inherited)",
					"@executable_path/Frameworks",
				);
				PRODUCT_BUNDLE_IDENTIFIER = "ufookoro-me.com.kidsAllowanceV2";
				PRODUCT_NAME = "$(TARGET_NAME)";
				SWIFT_VERSION = 5.0;
				TARGETED_DEVICE_FAMILY = "1,2";
			};
			name = Release;
		};
/* End XCBuildConfiguration section */

/* Begin XCConfigurationList section */
		03E84D89239863EC00B7C27D /* Build configuration list for PBXProject "kidsAllowanceV2" */ = {
			isa = XCConfigurationList;
			buildConfigurations = (
				03E84DA0239863EE00B7C27D /* Debug */,
				03E84DA1239863EE00B7C27D /* Release */,
			);
			defaultConfigurationIsVisible = 0;
			defaultConfigurationName = Release;
		};
		03E84DA2239863EE00B7C27D /* Build configuration list for PBXNativeTarget "kidsAllowanceV2" */ = {
			isa = XCConfigurationList;
			buildConfigurations = (
				03E84DA3239863EE00B7C27D /* Debug */,
				03E84DA4239863EE00B7C27D /* Release */,
			);
			defaultConfigurationIsVisible = 0;
			defaultConfigurationName = Release;
		};
/* End XCConfigurationList section */
	};
	rootObject = 03E84D86239863EC00B7C27D /* Project object */;
}
